
Microsoft Visual Studio Solution File, Format Version 12.00
# Visual Studio Version 17
VisualStudioVersion = 17.0.31903.59
MinimumVisualStudioVersion = 10.0.40219.1
Project("{FAE04EC0-301F-11D3-BF4B-00C04F79EFBC}") = "SpaceBattle.Lib", "SpaceBattle.Lib\SpaceBattle.Lib.csproj", "{2CB5E1CE-85BE-4EBE-AE94-F10FB23BC407}"
EndProject
Project("{FAE04EC0-301F-11D3-BF4B-00C04F79EFBC}") = "SpaceBattle.Lib.Tests", "SpaceBattle.Lib.Tests\SpaceBattle.Lib.Tests.csproj", "{3448B4F4-F6BA-459D-8A85-0A6A53A6FA54}"
EndProject
Global
	GlobalSection(SolutionConfigurationPlatforms) = preSolution
		Debug|Any CPU = Debug|Any CPU
		Release|Any CPU = Release|Any CPU
	EndGlobalSection
	GlobalSection(SolutionProperties) = preSolution
		HideSolutionNode = FALSE
	EndGlobalSection
	GlobalSection(ProjectConfigurationPlatforms) = postSolution
		{2CB5E1CE-85BE-4EBE-AE94-F10FB23BC407}.Debug|Any CPU.ActiveCfg = Debug|Any CPU
		{2CB5E1CE-85BE-4EBE-AE94-F10FB23BC407}.Debug|Any CPU.Build.0 = Debug|Any CPU
		{2CB5E1CE-85BE-4EBE-AE94-F10FB23BC407}.Release|Any CPU.ActiveCfg = Release|Any CPU
		{2CB5E1CE-85BE-4EBE-AE94-F10FB23BC407}.Release|Any CPU.Build.0 = Release|Any CPU
		{3448B4F4-F6BA-459D-8A85-0A6A53A6FA54}.Debug|Any CPU.ActiveCfg = Debug|Any CPU
		{3448B4F4-F6BA-459D-8A85-0A6A53A6FA54}.Debug|Any CPU.Build.0 = Debug|Any CPU
		{3448B4F4-F6BA-459D-8A85-0A6A53A6FA54}.Release|Any CPU.ActiveCfg = Release|Any CPU
		{3448B4F4-F6BA-459D-8A85-0A6A53A6FA54}.Release|Any CPU.Build.0 = Release|Any CPU
	EndGlobalSection
EndGlobal
